
Microsoft Visual Studio Solution File, Format Version 12.00
# Visual Studio 15
VisualStudioVersion = 15.0.28307.645
MinimumVisualStudioVersion = 10.0.40219.1
Project("{9A19103F-16F7-4668-BE54-9A1E7A4F7556}") = "IT_School.CSharp.HelloWorld", "IT_School.CSharp.HelloWorld\IT_School.CSharp.HelloWorld.csproj", "{543F9381-9880-4E7C-B71A-E39686203D77}"
EndProject
Project("{9A19103F-16F7-4668-BE54-9A1E7A4F7556}") = "IT_School.CSharp.2D", "IT_School.CSharp.2D\IT_School.CSharp.2D.csproj", "{33F1CD5A-AECC-42F5-B281-E0A35A855670}"
EndProject
Project("{9A19103F-16F7-4668-BE54-9A1E7A4F7556}") = "IT_School.CSharp.OOP", "IT_School.CSharp.OOP\IT_School.CSharp.OOP.csproj", "{FBECA4AF-977C-4C5D-AA70-3E33FF4A29F3}"
EndProject
Project("{9A19103F-16F7-4668-BE54-9A1E7A4F7556}") = "IT_School.CSharp.Static", "IT_School.CSharp.Static\IT_School.CSharp.Static.csproj", "{1E89441E-894A-4BDC-B38E-A7F202B993E8}"
EndProject
Project("{9A19103F-16F7-4668-BE54-9A1E7A4F7556}") = "IT_School.DelegatesAndEvents", "IT_School.DelegatesAndEvents\IT_School.DelegatesAndEvents.csproj", "{38F81C9B-C7BD-411D-91E6-582986331E83}"
EndProject
Project("{9A19103F-16F7-4668-BE54-9A1E7A4F7556}") = "IT_School.Generics", "IT_School.Generics\IT_School.Generics.csproj", "{C4D82E87-9677-4EE6-BF36-C1CF971918AE}"
EndProject
Project("{FAE04EC0-301F-11D3-BF4B-00C04F79EFBC}") = "IT_School.CSharp.Streams", "IT_School.CSharp.Streams\IT_School.CSharp.Streams.csproj", "{6F497919-F958-4F67-BF07-756E06A56E65}"
EndProject
Project("{FAE04EC0-301F-11D3-BF4B-00C04F79EFBC}") = "IT_School.CSharp.HTTP", "IT_School.CSharp.HTTP\IT_School.CSharp.HTTP.csproj", "{4F4BBF14-2978-448E-8AE6-95353A05E427}"
EndProject
Project("{FAE04EC0-301F-11D3-BF4B-00C04F79EFBC}") = "IT_School.CSharp.Reflection", "IT_School.CSharp.Reflection\IT_School.CSharp.Reflection.csproj", "{8C566C4A-9824-49AD-8AFD-982E5B6E3060}"
EndProject
Project("{FAE04EC0-301F-11D3-BF4B-00C04F79EFBC}") = "IT_School.CSharp.DI", "IT_School.CSharp.DI\IT_School.CSharp.DI.csproj", "{9F77D7F9-206D-48BF-9BB1-FC36485ADA19}"
EndProject
Project("{FAE04EC0-301F-11D3-BF4B-00C04F79EFBC}") = "IT_School.CSharp.EFCore", "IT_School.CSharp.EFCore\IT_School.CSharp.EFCore.csproj", "{95EE6E16-EE25-42E5-ABA1-924B4ED993A8}"
EndProject
Project("{FAE04EC0-301F-11D3-BF4B-00C04F79EFBC}") = "IT_School.CSharp.AspNetCore", "IT_School.CSharp.AspNetCore\IT_School.CSharp.AspNetCore.csproj", "{2B67BA9E-3691-4754-8F23-95390A631732}"
EndProject
Global
	GlobalSection(SolutionConfigurationPlatforms) = preSolution
		Debug|Any CPU = Debug|Any CPU
		Release|Any CPU = Release|Any CPU
	EndGlobalSection
	GlobalSection(ProjectConfigurationPlatforms) = postSolution
		{543F9381-9880-4E7C-B71A-E39686203D77}.Debug|Any CPU.ActiveCfg = Debug|Any CPU
		{543F9381-9880-4E7C-B71A-E39686203D77}.Debug|Any CPU.Build.0 = Debug|Any CPU
		{543F9381-9880-4E7C-B71A-E39686203D77}.Release|Any CPU.ActiveCfg = Release|Any CPU
		{543F9381-9880-4E7C-B71A-E39686203D77}.Release|Any CPU.Build.0 = Release|Any CPU
		{33F1CD5A-AECC-42F5-B281-E0A35A855670}.Debug|Any CPU.ActiveCfg = Debug|Any CPU
		{33F1CD5A-AECC-42F5-B281-E0A35A855670}.Debug|Any CPU.Build.0 = Debug|Any CPU
		{33F1CD5A-AECC-42F5-B281-E0A35A855670}.Release|Any CPU.ActiveCfg = Release|Any CPU
		{33F1CD5A-AECC-42F5-B281-E0A35A855670}.Release|Any CPU.Build.0 = Release|Any CPU
		{FBECA4AF-977C-4C5D-AA70-3E33FF4A29F3}.Debug|Any CPU.ActiveCfg = Debug|Any CPU
		{FBECA4AF-977C-4C5D-AA70-3E33FF4A29F3}.Debug|Any CPU.Build.0 = Debug|Any CPU
		{FBECA4AF-977C-4C5D-AA70-3E33FF4A29F3}.Release|Any CPU.ActiveCfg = Release|Any CPU
		{FBECA4AF-977C-4C5D-AA70-3E33FF4A29F3}.Release|Any CPU.Build.0 = Release|Any CPU
		{1E89441E-894A-4BDC-B38E-A7F202B993E8}.Debug|Any CPU.ActiveCfg = Debug|Any CPU
		{1E89441E-894A-4BDC-B38E-A7F202B993E8}.Debug|Any CPU.Build.0 = Debug|Any CPU
		{1E89441E-894A-4BDC-B38E-A7F202B993E8}.Release|Any CPU.ActiveCfg = Release|Any CPU
		{1E89441E-894A-4BDC-B38E-A7F202B993E8}.Release|Any CPU.Build.0 = Release|Any CPU
		{38F81C9B-C7BD-411D-91E6-582986331E83}.Debug|Any CPU.ActiveCfg = Debug|Any CPU
		{38F81C9B-C7BD-411D-91E6-582986331E83}.Debug|Any CPU.Build.0 = Debug|Any CPU
		{38F81C9B-C7BD-411D-91E6-582986331E83}.Release|Any CPU.ActiveCfg = Release|Any CPU
		{38F81C9B-C7BD-411D-91E6-582986331E83}.Release|Any CPU.Build.0 = Release|Any CPU
		{C4D82E87-9677-4EE6-BF36-C1CF971918AE}.Debug|Any CPU.ActiveCfg = Debug|Any CPU
		{C4D82E87-9677-4EE6-BF36-C1CF971918AE}.Debug|Any CPU.Build.0 = Debug|Any CPU
		{C4D82E87-9677-4EE6-BF36-C1CF971918AE}.Release|Any CPU.ActiveCfg = Release|Any CPU
		{C4D82E87-9677-4EE6-BF36-C1CF971918AE}.Release|Any CPU.Build.0 = Release|Any CPU
		{6F497919-F958-4F67-BF07-756E06A56E65}.Debug|Any CPU.ActiveCfg = Debug|Any CPU
		{6F497919-F958-4F67-BF07-756E06A56E65}.Debug|Any CPU.Build.0 = Debug|Any CPU
		{6F497919-F958-4F67-BF07-756E06A56E65}.Release|Any CPU.ActiveCfg = Release|Any CPU
		{6F497919-F958-4F67-BF07-756E06A56E65}.Release|Any CPU.Build.0 = Release|Any CPU
		{4F4BBF14-2978-448E-8AE6-95353A05E427}.Debug|Any CPU.ActiveCfg = Debug|Any CPU
		{4F4BBF14-2978-448E-8AE6-95353A05E427}.Debug|Any CPU.Build.0 = Debug|Any CPU
		{4F4BBF14-2978-448E-8AE6-95353A05E427}.Release|Any CPU.ActiveCfg = Release|Any CPU
		{4F4BBF14-2978-448E-8AE6-95353A05E427}.Release|Any CPU.Build.0 = Release|Any CPU
		{8C566C4A-9824-49AD-8AFD-982E5B6E3060}.Debug|Any CPU.ActiveCfg = Debug|Any CPU
		{8C566C4A-9824-49AD-8AFD-982E5B6E3060}.Debug|Any CPU.Build.0 = Debug|Any CPU
		{8C566C4A-9824-49AD-8AFD-982E5B6E3060}.Release|Any CPU.ActiveCfg = Release|Any CPU
		{8C566C4A-9824-49AD-8AFD-982E5B6E3060}.Release|Any CPU.Build.0 = Release|Any CPU
		{9F77D7F9-206D-48BF-9BB1-FC36485ADA19}.Debug|Any CPU.ActiveCfg = Debug|Any CPU
		{9F77D7F9-206D-48BF-9BB1-FC36485ADA19}.Debug|Any CPU.Build.0 = Debug|Any CPU
		{9F77D7F9-206D-48BF-9BB1-FC36485ADA19}.Release|Any CPU.ActiveCfg = Release|Any CPU
		{9F77D7F9-206D-48BF-9BB1-FC36485ADA19}.Release|Any CPU.Build.0 = Release|Any CPU
		{95EE6E16-EE25-42E5-ABA1-924B4ED993A8}.Debug|Any CPU.ActiveCfg = Debug|Any CPU
		{95EE6E16-EE25-42E5-ABA1-924B4ED993A8}.Debug|Any CPU.Build.0 = Debug|Any CPU
		{95EE6E16-EE25-42E5-ABA1-924B4ED993A8}.Release|Any CPU.ActiveCfg = Release|Any CPU
		{95EE6E16-EE25-42E5-ABA1-924B4ED993A8}.Release|Any CPU.Build.0 = Release|Any CPU
		{2B67BA9E-3691-4754-8F23-95390A631732}.Debug|Any CPU.ActiveCfg = Debug|Any CPU
		{2B67BA9E-3691-4754-8F23-95390A631732}.Debug|Any CPU.Build.0 = Debug|Any CPU
		{2B67BA9E-3691-4754-8F23-95390A631732}.Release|Any CPU.ActiveCfg = Release|Any CPU
		{2B67BA9E-3691-4754-8F23-95390A631732}.Release|Any CPU.Build.0 = Release|Any CPU
	EndGlobalSection
	GlobalSection(SolutionProperties) = preSolution
		HideSolutionNode = FALSE
	EndGlobalSection
	GlobalSection(ExtensibilityGlobals) = postSolution
		SolutionGuid = {8E9E640A-40B1-4BC7-9657-5DC1D7671C87}
	EndGlobalSection
EndGlobal
